
Microsoft Visual Studio Solution File, Format Version 12.00
# Visual Studio Version 17
VisualStudioVersion = 17.0.31903.59
MinimumVisualStudioVersion = 10.0.40219.1
Project("{2150E333-8FDC-42A3-9474-1A3956D46DE8}") = "0_Layered", "0_Layered", "{569B6BEE-7BD8-492B-B636-17B4771A2A3A}"
EndProject
Project("{2150E333-8FDC-42A3-9474-1A3956D46DE8}") = "MachineMonitoringSolution", "MachineMonitoringSolution", "{D88383A3-FC08-429A-B0DA-7A15F3C30F09}"
EndProject
Project("{FAE04EC0-301F-11D3-BF4B-00C04F79EFBC}") = "MachineMonitoring.WebAPI", "0_Layered\MachineMonitoringSolution\MachineMonitoringWebAPI\MachineMonitoring.WebAPI.csproj", "{C60C7A2D-492A-4E23-9B31-0F8658ACD5B1}"
EndProject
Project("{FAE04EC0-301F-11D3-BF4B-00C04F79EFBC}") = "MachineMonitoring.Service", "0_Layered\MachineMonitoringSolution\MachineMonitoringService\MachineMonitoring.Service.csproj", "{6B5F5BE9-943C-4099-A4A7-F04F88F5EA1F}"
EndProject
Project("{FAE04EC0-301F-11D3-BF4B-00C04F79EFBC}") = "MachineMonitoring.Repository", "0_Layered\MachineMonitoringSolution\MachineMonitoringRepository\MachineMonitoring.Repository.csproj", "{DFCF5F4E-2227-460A-8603-8424FF78604E}"
EndProject
Project("{FAE04EC0-301F-11D3-BF4B-00C04F79EFBC}") = "MachineMonitoring.WebAPI.Test", "0_Layered\MachineMonitoringSolution\MachineMonitoringAPI.Test\MachineMonitoring.WebAPI.Test.csproj", "{64EFBE6F-A56C-47BC-BABC-924EAC949C28}"
EndProject
Project("{2150E333-8FDC-42A3-9474-1A3956D46DE8}") = "1_Onion", "1_Onion", "{A3917E5F-C7B0-485A-AF3C-5585D3627567}"
EndProject
Project("{FAE04EC0-301F-11D3-BF4B-00C04F79EFBC}") = "OnionMachineMonitoring.Domain", "1_Onion\OnionMachineMonitoring.Core\OnionMachineMonitoring.Domain.csproj", "{E40FA9C5-425F-4F60-96D3-876AA4B5516E}"
EndProject
Project("{FAE04EC0-301F-11D3-BF4B-00C04F79EFBC}") = "OnionMachineMonitoring.Application", "1_Onion\OnionMachineMonitoring.Application\OnionMachineMonitoring.Application.csproj", "{5D46F00B-6440-4F96-884E-536564002313}"
EndProject
Project("{FAE04EC0-301F-11D3-BF4B-00C04F79EFBC}") = "OnionMachineMonitoring.Infrastructure", "1_Onion\OnionMachineMonitoring.Infrastructure\OnionMachineMonitoring.Infrastructure.csproj", "{862F1875-49D7-4CD3-8D10-33C01CB94852}"
EndProject
Project("{FAE04EC0-301F-11D3-BF4B-00C04F79EFBC}") = "OnionMachineMonitoring.Api", "1_Onion\OnionMachineMonitoring.Api\OnionMachineMonitoring.Api.csproj", "{3249CFEC-116F-419B-9805-A29048FF4D05}"
EndProject
Project("{FAE04EC0-301F-11D3-BF4B-00C04F79EFBC}") = "OnionMachineMonitoring.Tests", "1_Onion\OnionMachineMonitoring.Tests\OnionMachineMonitoring.Tests.csproj", "{C025B1A2-9517-44A8-9FF2-2B32E2DE7787}"
EndProject
Project("{2150E333-8FDC-42A3-9474-1A3956D46DE8}") = "2_Hexagonal", "2_Hexagonal", "{9240D36D-88A9-41F8-8C0A-E846825A468C}"
EndProject
Project("{FAE04EC0-301F-11D3-BF4B-00C04F79EFBC}") = "HexagonalMachineMonitoring.Core", "2_Hexagonal\HexagonalMachineMonitoring.Core\HexagonalMachineMonitoring.Core.csproj", "{A71EDA09-E54C-4AB9-AA6F-E484E9C4B08C}"
EndProject
Project("{FAE04EC0-301F-11D3-BF4B-00C04F79EFBC}") = "HexagonalMachineMonitoring.Adapters", "2_Hexagonal\HexagonalMachineMonitoring.Adapters\HexagonalMachineMonitoring.Adapters.csproj", "{7749C518-3040-4F55-AA66-C7DAD6E7D182}"
EndProject
Project("{FAE04EC0-301F-11D3-BF4B-00C04F79EFBC}") = "HexagonalMachineMonitoring.Api", "2_Hexagonal\HexagonalMachineMonitoring.Api\HexagonalMachineMonitoring.Api.csproj", "{C6558A57-1091-4859-AD74-E0777F1E29D6}"
EndProject
Project("{2150E333-8FDC-42A3-9474-1A3956D46DE8}") = "3_Clean", "3_Clean", "{91F410FC-4AE8-438B-B90B-4F11E560AD57}"
EndProject
Project("{FAE04EC0-301F-11D3-BF4B-00C04F79EFBC}") = "MachineMonitoring.Clean.Core", "3_Clean\MachineMonitoring.Clean\src\MachineMonitoring.Clean.Core\MachineMonitoring.Clean.Core.csproj", "{E6F64E87-E0FA-43C5-8417-FD2E2847F899}"
EndProject
Project("{FAE04EC0-301F-11D3-BF4B-00C04F79EFBC}") = "MachineMonitoring.Clean.Infrastructure", "3_Clean\MachineMonitoring.Clean\src\MachineMonitoring.Clean.Infrastructure\MachineMonitoring.Clean.Infrastructure.csproj", "{5044627E-BF60-465D-B50E-3B9D612EDF86}"
EndProject
Project("{FAE04EC0-301F-11D3-BF4B-00C04F79EFBC}") = "MachineMonitoring.Clean.UseCases", "3_Clean\MachineMonitoring.Clean\src\MachineMonitoring.Clean.UseCases\MachineMonitoring.Clean.UseCases.csproj", "{A3BF32A1-5D89-4AF9-9638-FDA70C34A715}"
EndProject
Project("{FAE04EC0-301F-11D3-BF4B-00C04F79EFBC}") = "MachineMonitoring.Clean.Web", "3_Clean\MachineMonitoring.Clean\src\MachineMonitoring.Clean.Web\MachineMonitoring.Clean.Web.csproj", "{52F4A07C-9AC1-4796-B83B-A1DCAC3FC03E}"
EndProject
Project("{FAE04EC0-301F-11D3-BF4B-00C04F79EFBC}") = "MachineMonitoring.Clean.FunctionalTests", "3_Clean\MachineMonitoring.Clean\tests\MachineMonitoring.Clean.FunctionalTests\MachineMonitoring.Clean.FunctionalTests.csproj", "{F2532E4B-2053-4F23-A939-1987898AE2E5}"
EndProject
Project("{FAE04EC0-301F-11D3-BF4B-00C04F79EFBC}") = "MachineMonitoring.Clean.IntegrationTests", "3_Clean\MachineMonitoring.Clean\tests\MachineMonitoring.Clean.IntegrationTests\MachineMonitoring.Clean.IntegrationTests.csproj", "{EDB1C64B-5A3C-49D4-BDC7-0037A0570EC4}"
EndProject
Project("{FAE04EC0-301F-11D3-BF4B-00C04F79EFBC}") = "MachineMonitoring.Clean.UnitTests", "3_Clean\MachineMonitoring.Clean\tests\MachineMonitoring.Clean.UnitTests\MachineMonitoring.Clean.UnitTests.csproj", "{25CC3E15-75DB-4639-9A22-AEB260CF60E3}"
EndProject
Project("{2150E333-8FDC-42A3-9474-1A3956D46DE8}") = "4_Clean_10", "4_Clean_10", "{7F40454A-2229-EF77-1ED3-A3E056CDFF50}"
EndProject
Project("{2150E333-8FDC-42A3-9474-1A3956D46DE8}") = "src", "src", "{DC3D7209-5358-FD6F-186F-3715B62CEED9}"
EndProject
Project("{FAE04EC0-301F-11D3-BF4B-00C04F79EFBC}") = "MachineMonitoringClean10.AspireHost", "4_Clean_10\MachineMonitoringClean10\src\MachineMonitoringClean10.AspireHost\MachineMonitoringClean10.AspireHost.csproj", "{4EB2BC68-FD11-49AC-BFDF-8DB6F9BFF070}"
EndProject
Project("{FAE04EC0-301F-11D3-BF4B-00C04F79EFBC}") = "MachineMonitoringClean10.Web", "4_Clean_10\MachineMonitoringClean10\src\MachineMonitoringClean10.Web\MachineMonitoringClean10.Web.csproj", "{88E969D1-1AF2-491C-9ABA-8E500769FEB0}"
EndProject
Project("{FAE04EC0-301F-11D3-BF4B-00C04F79EFBC}") = "MachineMonitoringClean10.Infrastructure", "4_Clean_10\MachineMonitoringClean10\src\MachineMonitoringClean10.Infrastructure\MachineMonitoringClean10.Infrastructure.csproj", "{8591E4E3-5504-4032-9B66-1D6742B0C696}"
EndProject
Project("{FAE04EC0-301F-11D3-BF4B-00C04F79EFBC}") = "MachineMonitoringClean10.Core", "4_Clean_10\MachineMonitoringClean10\src\MachineMonitoringClean10.Core\MachineMonitoringClean10.Core.csproj", "{6DA70EC7-871B-4A6C-B614-FB9882F9C784}"
EndProject
Project("{FAE04EC0-301F-11D3-BF4B-00C04F79EFBC}") = "MachineMonitoringClean10.UseCases", "4_Clean_10\MachineMonitoringClean10\src\MachineMonitoringClean10.UseCases\MachineMonitoringClean10.UseCases.csproj", "{D975D0FF-E093-4EB0-B966-F19F50B9BC4A}"
EndProject
Project("{FAE04EC0-301F-11D3-BF4B-00C04F79EFBC}") = "MachineMonitoringClean10.ServiceDefaults", "4_Clean_10\MachineMonitoringClean10\src\MachineMonitoringClean10.ServiceDefaults\MachineMonitoringClean10.ServiceDefaults.csproj", "{44D4AF2E-185A-48B2-A86B-748D6AF0F411}"
EndProject
Global
	GlobalSection(SolutionConfigurationPlatforms) = preSolution
		Debug|Any CPU = Debug|Any CPU
		Debug|x64 = Debug|x64
		Debug|x86 = Debug|x86
		Release|Any CPU = Release|Any CPU
		Release|x64 = Release|x64
		Release|x86 = Release|x86
	EndGlobalSection
	GlobalSection(ProjectConfigurationPlatforms) = postSolution
		{C60C7A2D-492A-4E23-9B31-0F8658ACD5B1}.Debug|Any CPU.ActiveCfg = Debug|Any CPU
		{C60C7A2D-492A-4E23-9B31-0F8658ACD5B1}.Debug|Any CPU.Build.0 = Debug|Any CPU
		{C60C7A2D-492A-4E23-9B31-0F8658ACD5B1}.Debug|x64.ActiveCfg = Debug|Any CPU
		{C60C7A2D-492A-4E23-9B31-0F8658ACD5B1}.Debug|x64.Build.0 = Debug|Any CPU
		{C60C7A2D-492A-4E23-9B31-0F8658ACD5B1}.Debug|x86.ActiveCfg = Debug|Any CPU
		{C60C7A2D-492A-4E23-9B31-0F8658ACD5B1}.Debug|x86.Build.0 = Debug|Any CPU
		{C60C7A2D-492A-4E23-9B31-0F8658ACD5B1}.Release|Any CPU.ActiveCfg = Release|Any CPU
		{C60C7A2D-492A-4E23-9B31-0F8658ACD5B1}.Release|Any CPU.Build.0 = Release|Any CPU
		{C60C7A2D-492A-4E23-9B31-0F8658ACD5B1}.Release|x64.ActiveCfg = Release|Any CPU
		{C60C7A2D-492A-4E23-9B31-0F8658ACD5B1}.Release|x64.Build.0 = Release|Any CPU
		{C60C7A2D-492A-4E23-9B31-0F8658ACD5B1}.Release|x86.ActiveCfg = Release|Any CPU
		{C60C7A2D-492A-4E23-9B31-0F8658ACD5B1}.Release|x86.Build.0 = Release|Any CPU
		{6B5F5BE9-943C-4099-A4A7-F04F88F5EA1F}.Debug|Any CPU.ActiveCfg = Debug|Any CPU
		{6B5F5BE9-943C-4099-A4A7-F04F88F5EA1F}.Debug|Any CPU.Build.0 = Debug|Any CPU
		{6B5F5BE9-943C-4099-A4A7-F04F88F5EA1F}.Debug|x64.ActiveCfg = Debug|Any CPU
		{6B5F5BE9-943C-4099-A4A7-F04F88F5EA1F}.Debug|x64.Build.0 = Debug|Any CPU
		{6B5F5BE9-943C-4099-A4A7-F04F88F5EA1F}.Debug|x86.ActiveCfg = Debug|Any CPU
		{6B5F5BE9-943C-4099-A4A7-F04F88F5EA1F}.Debug|x86.Build.0 = Debug|Any CPU
		{6B5F5BE9-943C-4099-A4A7-F04F88F5EA1F}.Release|Any CPU.ActiveCfg = Release|Any CPU
		{6B5F5BE9-943C-4099-A4A7-F04F88F5EA1F}.Release|Any CPU.Build.0 = Release|Any CPU
		{6B5F5BE9-943C-4099-A4A7-F04F88F5EA1F}.Release|x64.ActiveCfg = Release|Any CPU
		{6B5F5BE9-943C-4099-A4A7-F04F88F5EA1F}.Release|x64.Build.0 = Release|Any CPU
		{6B5F5BE9-943C-4099-A4A7-F04F88F5EA1F}.Release|x86.ActiveCfg = Release|Any CPU
		{6B5F5BE9-943C-4099-A4A7-F04F88F5EA1F}.Release|x86.Build.0 = Release|Any CPU
		{DFCF5F4E-2227-460A-8603-8424FF78604E}.Debug|Any CPU.ActiveCfg = Debug|Any CPU
		{DFCF5F4E-2227-460A-8603-8424FF78604E}.Debug|Any CPU.Build.0 = Debug|Any CPU
		{DFCF5F4E-2227-460A-8603-8424FF78604E}.Debug|x64.ActiveCfg = Debug|Any CPU
		{DFCF5F4E-2227-460A-8603-8424FF78604E}.Debug|x64.Build.0 = Debug|Any CPU
		{DFCF5F4E-2227-460A-8603-8424FF78604E}.Debug|x86.ActiveCfg = Debug|Any CPU
		{DFCF5F4E-2227-460A-8603-8424FF78604E}.Debug|x86.Build.0 = Debug|Any CPU
		{DFCF5F4E-2227-460A-8603-8424FF78604E}.Release|Any CPU.ActiveCfg = Release|Any CPU
		{DFCF5F4E-2227-460A-8603-8424FF78604E}.Release|Any CPU.Build.0 = Release|Any CPU
		{DFCF5F4E-2227-460A-8603-8424FF78604E}.Release|x64.ActiveCfg = Release|Any CPU
		{DFCF5F4E-2227-460A-8603-8424FF78604E}.Release|x64.Build.0 = Release|Any CPU
		{DFCF5F4E-2227-460A-8603-8424FF78604E}.Release|x86.ActiveCfg = Release|Any CPU
		{DFCF5F4E-2227-460A-8603-8424FF78604E}.Release|x86.Build.0 = Release|Any CPU
		{64EFBE6F-A56C-47BC-BABC-924EAC949C28}.Debug|Any CPU.ActiveCfg = Debug|Any CPU
		{64EFBE6F-A56C-47BC-BABC-924EAC949C28}.Debug|Any CPU.Build.0 = Debug|Any CPU
		{64EFBE6F-A56C-47BC-BABC-924EAC949C28}.Debug|x64.ActiveCfg = Debug|Any CPU
		{64EFBE6F-A56C-47BC-BABC-924EAC949C28}.Debug|x64.Build.0 = Debug|Any CPU
		{64EFBE6F-A56C-47BC-BABC-924EAC949C28}.Debug|x86.ActiveCfg = Debug|Any CPU
		{64EFBE6F-A56C-47BC-BABC-924EAC949C28}.Debug|x86.Build.0 = Debug|Any CPU
		{64EFBE6F-A56C-47BC-BABC-924EAC949C28}.Release|Any CPU.ActiveCfg = Release|Any CPU
		{64EFBE6F-A56C-47BC-BABC-924EAC949C28}.Release|Any CPU.Build.0 = Release|Any CPU
		{64EFBE6F-A56C-47BC-BABC-924EAC949C28}.Release|x64.ActiveCfg = Release|Any CPU
		{64EFBE6F-A56C-47BC-BABC-924EAC949C28}.Release|x64.Build.0 = Release|Any CPU
		{64EFBE6F-A56C-47BC-BABC-924EAC949C28}.Release|x86.ActiveCfg = Release|Any CPU
		{64EFBE6F-A56C-47BC-BABC-924EAC949C28}.Release|x86.Build.0 = Release|Any CPU
		{E40FA9C5-425F-4F60-96D3-876AA4B5516E}.Debug|Any CPU.ActiveCfg = Debug|Any CPU
		{E40FA9C5-425F-4F60-96D3-876AA4B5516E}.Debug|Any CPU.Build.0 = Debug|Any CPU
		{E40FA9C5-425F-4F60-96D3-876AA4B5516E}.Debug|x64.ActiveCfg = Debug|Any CPU
		{E40FA9C5-425F-4F60-96D3-876AA4B5516E}.Debug|x64.Build.0 = Debug|Any CPU
		{E40FA9C5-425F-4F60-96D3-876AA4B5516E}.Debug|x86.ActiveCfg = Debug|Any CPU
		{E40FA9C5-425F-4F60-96D3-876AA4B5516E}.Debug|x86.Build.0 = Debug|Any CPU
		{E40FA9C5-425F-4F60-96D3-876AA4B5516E}.Release|Any CPU.ActiveCfg = Release|Any CPU
		{E40FA9C5-425F-4F60-96D3-876AA4B5516E}.Release|Any CPU.Build.0 = Release|Any CPU
		{E40FA9C5-425F-4F60-96D3-876AA4B5516E}.Release|x64.ActiveCfg = Release|Any CPU
		{E40FA9C5-425F-4F60-96D3-876AA4B5516E}.Release|x64.Build.0 = Release|Any CPU
		{E40FA9C5-425F-4F60-96D3-876AA4B5516E}.Release|x86.ActiveCfg = Release|Any CPU
		{E40FA9C5-425F-4F60-96D3-876AA4B5516E}.Release|x86.Build.0 = Release|Any CPU
		{5D46F00B-6440-4F96-884E-536564002313}.Debug|Any CPU.ActiveCfg = Debug|Any CPU
		{5D46F00B-6440-4F96-884E-536564002313}.Debug|Any CPU.Build.0 = Debug|Any CPU
		{5D46F00B-6440-4F96-884E-536564002313}.Debug|x64.ActiveCfg = Debug|Any CPU
		{5D46F00B-6440-4F96-884E-536564002313}.Debug|x64.Build.0 = Debug|Any CPU
		{5D46F00B-6440-4F96-884E-536564002313}.Debug|x86.ActiveCfg = Debug|Any CPU
		{5D46F00B-6440-4F96-884E-536564002313}.Debug|x86.Build.0 = Debug|Any CPU
		{5D46F00B-6440-4F96-884E-536564002313}.Release|Any CPU.ActiveCfg = Release|Any CPU
		{5D46F00B-6440-4F96-884E-536564002313}.Release|Any CPU.Build.0 = Release|Any CPU
		{5D46F00B-6440-4F96-884E-536564002313}.Release|x64.ActiveCfg = Release|Any CPU
		{5D46F00B-6440-4F96-884E-536564002313}.Release|x64.Build.0 = Release|Any CPU
		{5D46F00B-6440-4F96-884E-536564002313}.Release|x86.ActiveCfg = Release|Any CPU
		{5D46F00B-6440-4F96-884E-536564002313}.Release|x86.Build.0 = Release|Any CPU
		{862F1875-49D7-4CD3-8D10-33C01CB94852}.Debug|Any CPU.ActiveCfg = Debug|Any CPU
		{862F1875-49D7-4CD3-8D10-33C01CB94852}.Debug|Any CPU.Build.0 = Debug|Any CPU
		{862F1875-49D7-4CD3-8D10-33C01CB94852}.Debug|x64.ActiveCfg = Debug|Any CPU
		{862F1875-49D7-4CD3-8D10-33C01CB94852}.Debug|x64.Build.0 = Debug|Any CPU
		{862F1875-49D7-4CD3-8D10-33C01CB94852}.Debug|x86.ActiveCfg = Debug|Any CPU
		{862F1875-49D7-4CD3-8D10-33C01CB94852}.Debug|x86.Build.0 = Debug|Any CPU
		{862F1875-49D7-4CD3-8D10-33C01CB94852}.Release|Any CPU.ActiveCfg = Release|Any CPU
		{862F1875-49D7-4CD3-8D10-33C01CB94852}.Release|Any CPU.Build.0 = Release|Any CPU
		{862F1875-49D7-4CD3-8D10-33C01CB94852}.Release|x64.ActiveCfg = Release|Any CPU
		{862F1875-49D7-4CD3-8D10-33C01CB94852}.Release|x64.Build.0 = Release|Any CPU
		{862F1875-49D7-4CD3-8D10-33C01CB94852}.Release|x86.ActiveCfg = Release|Any CPU
		{862F1875-49D7-4CD3-8D10-33C01CB94852}.Release|x86.Build.0 = Release|Any CPU
		{3249CFEC-116F-419B-9805-A29048FF4D05}.Debug|Any CPU.ActiveCfg = Debug|Any CPU
		{3249CFEC-116F-419B-9805-A29048FF4D05}.Debug|Any CPU.Build.0 = Debug|Any CPU
		{3249CFEC-116F-419B-9805-A29048FF4D05}.Debug|x64.ActiveCfg = Debug|Any CPU
		{3249CFEC-116F-419B-9805-A29048FF4D05}.Debug|x64.Build.0 = Debug|Any CPU
		{3249CFEC-116F-419B-9805-A29048FF4D05}.Debug|x86.ActiveCfg = Debug|Any CPU
		{3249CFEC-116F-419B-9805-A29048FF4D05}.Debug|x86.Build.0 = Debug|Any CPU
		{3249CFEC-116F-419B-9805-A29048FF4D05}.Release|Any CPU.ActiveCfg = Release|Any CPU
		{3249CFEC-116F-419B-9805-A29048FF4D05}.Release|Any CPU.Build.0 = Release|Any CPU
		{3249CFEC-116F-419B-9805-A29048FF4D05}.Release|x64.ActiveCfg = Release|Any CPU
		{3249CFEC-116F-419B-9805-A29048FF4D05}.Release|x64.Build.0 = Release|Any CPU
		{3249CFEC-116F-419B-9805-A29048FF4D05}.Release|x86.ActiveCfg = Release|Any CPU
		{3249CFEC-116F-419B-9805-A29048FF4D05}.Release|x86.Build.0 = Release|Any CPU
		{C025B1A2-9517-44A8-9FF2-2B32E2DE7787}.Debug|Any CPU.ActiveCfg = Debug|Any CPU
		{C025B1A2-9517-44A8-9FF2-2B32E2DE7787}.Debug|Any CPU.Build.0 = Debug|Any CPU
		{C025B1A2-9517-44A8-9FF2-2B32E2DE7787}.Debug|x64.ActiveCfg = Debug|Any CPU
		{C025B1A2-9517-44A8-9FF2-2B32E2DE7787}.Debug|x64.Build.0 = Debug|Any CPU
		{C025B1A2-9517-44A8-9FF2-2B32E2DE7787}.Debug|x86.ActiveCfg = Debug|Any CPU
		{C025B1A2-9517-44A8-9FF2-2B32E2DE7787}.Debug|x86.Build.0 = Debug|Any CPU
		{C025B1A2-9517-44A8-9FF2-2B32E2DE7787}.Release|Any CPU.ActiveCfg = Release|Any CPU
		{C025B1A2-9517-44A8-9FF2-2B32E2DE7787}.Release|Any CPU.Build.0 = Release|Any CPU
		{C025B1A2-9517-44A8-9FF2-2B32E2DE7787}.Release|x64.ActiveCfg = Release|Any CPU
		{C025B1A2-9517-44A8-9FF2-2B32E2DE7787}.Release|x64.Build.0 = Release|Any CPU
		{C025B1A2-9517-44A8-9FF2-2B32E2DE7787}.Release|x86.ActiveCfg = Release|Any CPU
		{C025B1A2-9517-44A8-9FF2-2B32E2DE7787}.Release|x86.Build.0 = Release|Any CPU
		{A71EDA09-E54C-4AB9-AA6F-E484E9C4B08C}.Debug|Any CPU.ActiveCfg = Debug|Any CPU
		{A71EDA09-E54C-4AB9-AA6F-E484E9C4B08C}.Debug|Any CPU.Build.0 = Debug|Any CPU
		{A71EDA09-E54C-4AB9-AA6F-E484E9C4B08C}.Debug|x64.ActiveCfg = Debug|Any CPU
		{A71EDA09-E54C-4AB9-AA6F-E484E9C4B08C}.Debug|x64.Build.0 = Debug|Any CPU
		{A71EDA09-E54C-4AB9-AA6F-E484E9C4B08C}.Debug|x86.ActiveCfg = Debug|Any CPU
		{A71EDA09-E54C-4AB9-AA6F-E484E9C4B08C}.Debug|x86.Build.0 = Debug|Any CPU
		{A71EDA09-E54C-4AB9-AA6F-E484E9C4B08C}.Release|Any CPU.ActiveCfg = Release|Any CPU
		{A71EDA09-E54C-4AB9-AA6F-E484E9C4B08C}.Release|Any CPU.Build.0 = Release|Any CPU
		{A71EDA09-E54C-4AB9-AA6F-E484E9C4B08C}.Release|x64.ActiveCfg = Release|Any CPU
		{A71EDA09-E54C-4AB9-AA6F-E484E9C4B08C}.Release|x64.Build.0 = Release|Any CPU
		{A71EDA09-E54C-4AB9-AA6F-E484E9C4B08C}.Release|x86.ActiveCfg = Release|Any CPU
		{A71EDA09-E54C-4AB9-AA6F-E484E9C4B08C}.Release|x86.Build.0 = Release|Any CPU
		{7749C518-3040-4F55-AA66-C7DAD6E7D182}.Debug|Any CPU.ActiveCfg = Debug|Any CPU
		{7749C518-3040-4F55-AA66-C7DAD6E7D182}.Debug|Any CPU.Build.0 = Debug|Any CPU
		{7749C518-3040-4F55-AA66-C7DAD6E7D182}.Debug|x64.ActiveCfg = Debug|Any CPU
		{7749C518-3040-4F55-AA66-C7DAD6E7D182}.Debug|x64.Build.0 = Debug|Any CPU
		{7749C518-3040-4F55-AA66-C7DAD6E7D182}.Debug|x86.ActiveCfg = Debug|Any CPU
		{7749C518-3040-4F55-AA66-C7DAD6E7D182}.Debug|x86.Build.0 = Debug|Any CPU
		{7749C518-3040-4F55-AA66-C7DAD6E7D182}.Release|Any CPU.ActiveCfg = Release|Any CPU
		{7749C518-3040-4F55-AA66-C7DAD6E7D182}.Release|Any CPU.Build.0 = Release|Any CPU
		{7749C518-3040-4F55-AA66-C7DAD6E7D182}.Release|x64.ActiveCfg = Release|Any CPU
		{7749C518-3040-4F55-AA66-C7DAD6E7D182}.Release|x64.Build.0 = Release|Any CPU
		{7749C518-3040-4F55-AA66-C7DAD6E7D182}.Release|x86.ActiveCfg = Release|Any CPU
		{7749C518-3040-4F55-AA66-C7DAD6E7D182}.Release|x86.Build.0 = Release|Any CPU
		{C6558A57-1091-4859-AD74-E0777F1E29D6}.Debug|Any CPU.ActiveCfg = Debug|Any CPU
		{C6558A57-1091-4859-AD74-E0777F1E29D6}.Debug|Any CPU.Build.0 = Debug|Any CPU
		{C6558A57-1091-4859-AD74-E0777F1E29D6}.Debug|x64.ActiveCfg = Debug|Any CPU
		{C6558A57-1091-4859-AD74-E0777F1E29D6}.Debug|x64.Build.0 = Debug|Any CPU
		{C6558A57-1091-4859-AD74-E0777F1E29D6}.Debug|x86.ActiveCfg = Debug|Any CPU
		{C6558A57-1091-4859-AD74-E0777F1E29D6}.Debug|x86.Build.0 = Debug|Any CPU
		{C6558A57-1091-4859-AD74-E0777F1E29D6}.Release|Any CPU.ActiveCfg = Release|Any CPU
		{C6558A57-1091-4859-AD74-E0777F1E29D6}.Release|Any CPU.Build.0 = Release|Any CPU
		{C6558A57-1091-4859-AD74-E0777F1E29D6}.Release|x64.ActiveCfg = Release|Any CPU
		{C6558A57-1091-4859-AD74-E0777F1E29D6}.Release|x64.Build.0 = Release|Any CPU
		{C6558A57-1091-4859-AD74-E0777F1E29D6}.Release|x86.ActiveCfg = Release|Any CPU
		{C6558A57-1091-4859-AD74-E0777F1E29D6}.Release|x86.Build.0 = Release|Any CPU
		{E6F64E87-E0FA-43C5-8417-FD2E2847F899}.Debug|Any CPU.ActiveCfg = Debug|Any CPU
		{E6F64E87-E0FA-43C5-8417-FD2E2847F899}.Debug|Any CPU.Build.0 = Debug|Any CPU
		{E6F64E87-E0FA-43C5-8417-FD2E2847F899}.Debug|x64.ActiveCfg = Debug|Any CPU
		{E6F64E87-E0FA-43C5-8417-FD2E2847F899}.Debug|x64.Build.0 = Debug|Any CPU
		{E6F64E87-E0FA-43C5-8417-FD2E2847F899}.Debug|x86.ActiveCfg = Debug|Any CPU
		{E6F64E87-E0FA-43C5-8417-FD2E2847F899}.Debug|x86.Build.0 = Debug|Any CPU
		{E6F64E87-E0FA-43C5-8417-FD2E2847F899}.Release|Any CPU.ActiveCfg = Release|Any CPU
		{E6F64E87-E0FA-43C5-8417-FD2E2847F899}.Release|Any CPU.Build.0 = Release|Any CPU
		{E6F64E87-E0FA-43C5-8417-FD2E2847F899}.Release|x64.ActiveCfg = Release|Any CPU
		{E6F64E87-E0FA-43C5-8417-FD2E2847F899}.Release|x64.Build.0 = Release|Any CPU
		{E6F64E87-E0FA-43C5-8417-FD2E2847F899}.Release|x86.ActiveCfg = Release|Any CPU
		{E6F64E87-E0FA-43C5-8417-FD2E2847F899}.Release|x86.Build.0 = Release|Any CPU
		{5044627E-BF60-465D-B50E-3B9D612EDF86}.Debug|Any CPU.ActiveCfg = Debug|Any CPU
		{5044627E-BF60-465D-B50E-3B9D612EDF86}.Debug|Any CPU.Build.0 = Debug|Any CPU
		{5044627E-BF60-465D-B50E-3B9D612EDF86}.Debug|x64.ActiveCfg = Debug|Any CPU
		{5044627E-BF60-465D-B50E-3B9D612EDF86}.Debug|x64.Build.0 = Debug|Any CPU
		{5044627E-BF60-465D-B50E-3B9D612EDF86}.Debug|x86.ActiveCfg = Debug|Any CPU
		{5044627E-BF60-465D-B50E-3B9D612EDF86}.Debug|x86.Build.0 = Debug|Any CPU
		{5044627E-BF60-465D-B50E-3B9D612EDF86}.Release|Any CPU.ActiveCfg = Release|Any CPU
		{5044627E-BF60-465D-B50E-3B9D612EDF86}.Release|Any CPU.Build.0 = Release|Any CPU
		{5044627E-BF60-465D-B50E-3B9D612EDF86}.Release|x64.ActiveCfg = Release|Any CPU
		{5044627E-BF60-465D-B50E-3B9D612EDF86}.Release|x64.Build.0 = Release|Any CPU
		{5044627E-BF60-465D-B50E-3B9D612EDF86}.Release|x86.ActiveCfg = Release|Any CPU
		{5044627E-BF60-465D-B50E-3B9D612EDF86}.Release|x86.Build.0 = Release|Any CPU
		{A3BF32A1-5D89-4AF9-9638-FDA70C34A715}.Debug|Any CPU.ActiveCfg = Debug|Any CPU
		{A3BF32A1-5D89-4AF9-9638-FDA70C34A715}.Debug|Any CPU.Build.0 = Debug|Any CPU
		{A3BF32A1-5D89-4AF9-9638-FDA70C34A715}.Debug|x64.ActiveCfg = Debug|Any CPU
		{A3BF32A1-5D89-4AF9-9638-FDA70C34A715}.Debug|x64.Build.0 = Debug|Any CPU
		{A3BF32A1-5D89-4AF9-9638-FDA70C34A715}.Debug|x86.ActiveCfg = Debug|Any CPU
		{A3BF32A1-5D89-4AF9-9638-FDA70C34A715}.Debug|x86.Build.0 = Debug|Any CPU
		{A3BF32A1-5D89-4AF9-9638-FDA70C34A715}.Release|Any CPU.ActiveCfg = Release|Any CPU
		{A3BF32A1-5D89-4AF9-9638-FDA70C34A715}.Release|Any CPU.Build.0 = Release|Any CPU
		{A3BF32A1-5D89-4AF9-9638-FDA70C34A715}.Release|x64.ActiveCfg = Release|Any CPU
		{A3BF32A1-5D89-4AF9-9638-FDA70C34A715}.Release|x64.Build.0 = Release|Any CPU
		{A3BF32A1-5D89-4AF9-9638-FDA70C34A715}.Release|x86.ActiveCfg = Release|Any CPU
		{A3BF32A1-5D89-4AF9-9638-FDA70C34A715}.Release|x86.Build.0 = Release|Any CPU
		{52F4A07C-9AC1-4796-B83B-A1DCAC3FC03E}.Debug|Any CPU.ActiveCfg = Debug|Any CPU
		{52F4A07C-9AC1-4796-B83B-A1DCAC3FC03E}.Debug|Any CPU.Build.0 = Debug|Any CPU
		{52F4A07C-9AC1-4796-B83B-A1DCAC3FC03E}.Debug|x64.ActiveCfg = Debug|Any CPU
		{52F4A07C-9AC1-4796-B83B-A1DCAC3FC03E}.Debug|x64.Build.0 = Debug|Any CPU
		{52F4A07C-9AC1-4796-B83B-A1DCAC3FC03E}.Debug|x86.ActiveCfg = Debug|Any CPU
		{52F4A07C-9AC1-4796-B83B-A1DCAC3FC03E}.Debug|x86.Build.0 = Debug|Any CPU
		{52F4A07C-9AC1-4796-B83B-A1DCAC3FC03E}.Release|Any CPU.ActiveCfg = Release|Any CPU
		{52F4A07C-9AC1-4796-B83B-A1DCAC3FC03E}.Release|Any CPU.Build.0 = Release|Any CPU
		{52F4A07C-9AC1-4796-B83B-A1DCAC3FC03E}.Release|x64.ActiveCfg = Release|Any CPU
		{52F4A07C-9AC1-4796-B83B-A1DCAC3FC03E}.Release|x64.Build.0 = Release|Any CPU
		{52F4A07C-9AC1-4796-B83B-A1DCAC3FC03E}.Release|x86.ActiveCfg = Release|Any CPU
		{52F4A07C-9AC1-4796-B83B-A1DCAC3FC03E}.Release|x86.Build.0 = Release|Any CPU
		{F2532E4B-2053-4F23-A939-1987898AE2E5}.Debug|Any CPU.ActiveCfg = Debug|Any CPU
		{F2532E4B-2053-4F23-A939-1987898AE2E5}.Debug|Any CPU.Build.0 = Debug|Any CPU
		{F2532E4B-2053-4F23-A939-1987898AE2E5}.Debug|x64.ActiveCfg = Debug|Any CPU
		{F2532E4B-2053-4F23-A939-1987898AE2E5}.Debug|x64.Build.0 = Debug|Any CPU
		{F2532E4B-2053-4F23-A939-1987898AE2E5}.Debug|x86.ActiveCfg = Debug|Any CPU
		{F2532E4B-2053-4F23-A939-1987898AE2E5}.Debug|x86.Build.0 = Debug|Any CPU
		{F2532E4B-2053-4F23-A939-1987898AE2E5}.Release|Any CPU.ActiveCfg = Release|Any CPU
		{F2532E4B-2053-4F23-A939-1987898AE2E5}.Release|Any CPU.Build.0 = Release|Any CPU
		{F2532E4B-2053-4F23-A939-1987898AE2E5}.Release|x64.ActiveCfg = Release|Any CPU
		{F2532E4B-2053-4F23-A939-1987898AE2E5}.Release|x64.Build.0 = Release|Any CPU
		{F2532E4B-2053-4F23-A939-1987898AE2E5}.Release|x86.ActiveCfg = Release|Any CPU
		{F2532E4B-2053-4F23-A939-1987898AE2E5}.Release|x86.Build.0 = Release|Any CPU
		{EDB1C64B-5A3C-49D4-BDC7-0037A0570EC4}.Debug|Any CPU.ActiveCfg = Debug|Any CPU
		{EDB1C64B-5A3C-49D4-BDC7-0037A0570EC4}.Debug|Any CPU.Build.0 = Debug|Any CPU
		{EDB1C64B-5A3C-49D4-BDC7-0037A0570EC4}.Debug|x64.ActiveCfg = Debug|Any CPU
		{EDB1C64B-5A3C-49D4-BDC7-0037A0570EC4}.Debug|x64.Build.0 = Debug|Any CPU
		{EDB1C64B-5A3C-49D4-BDC7-0037A0570EC4}.Debug|x86.ActiveCfg = Debug|Any CPU
		{EDB1C64B-5A3C-49D4-BDC7-0037A0570EC4}.Debug|x86.Build.0 = Debug|Any CPU
		{EDB1C64B-5A3C-49D4-BDC7-0037A0570EC4}.Release|Any CPU.ActiveCfg = Release|Any CPU
		{EDB1C64B-5A3C-49D4-BDC7-0037A0570EC4}.Release|Any CPU.Build.0 = Release|Any CPU
		{EDB1C64B-5A3C-49D4-BDC7-0037A0570EC4}.Release|x64.ActiveCfg = Release|Any CPU
		{EDB1C64B-5A3C-49D4-BDC7-0037A0570EC4}.Release|x64.Build.0 = Release|Any CPU
		{EDB1C64B-5A3C-49D4-BDC7-0037A0570EC4}.Release|x86.ActiveCfg = Release|Any CPU
		{EDB1C64B-5A3C-49D4-BDC7-0037A0570EC4}.Release|x86.Build.0 = Release|Any CPU
		{25CC3E15-75DB-4639-9A22-AEB260CF60E3}.Debug|Any CPU.ActiveCfg = Debug|Any CPU
		{25CC3E15-75DB-4639-9A22-AEB260CF60E3}.Debug|Any CPU.Build.0 = Debug|Any CPU
		{25CC3E15-75DB-4639-9A22-AEB260CF60E3}.Debug|x64.ActiveCfg = Debug|Any CPU
		{25CC3E15-75DB-4639-9A22-AEB260CF60E3}.Debug|x64.Build.0 = Debug|Any CPU
		{25CC3E15-75DB-4639-9A22-AEB260CF60E3}.Debug|x86.ActiveCfg = Debug|Any CPU
		{25CC3E15-75DB-4639-9A22-AEB260CF60E3}.Debug|x86.Build.0 = Debug|Any CPU
		{25CC3E15-75DB-4639-9A22-AEB260CF60E3}.Release|Any CPU.ActiveCfg = Release|Any CPU
		{25CC3E15-75DB-4639-9A22-AEB260CF60E3}.Release|Any CPU.Build.0 = Release|Any CPU
		{25CC3E15-75DB-4639-9A22-AEB260CF60E3}.Release|x64.ActiveCfg = Release|Any CPU
		{25CC3E15-75DB-4639-9A22-AEB260CF60E3}.Release|x64.Build.0 = Release|Any CPU
		{25CC3E15-75DB-4639-9A22-AEB260CF60E3}.Release|x86.ActiveCfg = Release|Any CPU
		{25CC3E15-75DB-4639-9A22-AEB260CF60E3}.Release|x86.Build.0 = Release|Any CPU
		{4EB2BC68-FD11-49AC-BFDF-8DB6F9BFF070}.Debug|Any CPU.ActiveCfg = Debug|Any CPU
		{4EB2BC68-FD11-49AC-BFDF-8DB6F9BFF070}.Debug|Any CPU.Build.0 = Debug|Any CPU
		{4EB2BC68-FD11-49AC-BFDF-8DB6F9BFF070}.Debug|x64.ActiveCfg = Debug|Any CPU
		{4EB2BC68-FD11-49AC-BFDF-8DB6F9BFF070}.Debug|x64.Build.0 = Debug|Any CPU
		{4EB2BC68-FD11-49AC-BFDF-8DB6F9BFF070}.Debug|x86.ActiveCfg = Debug|Any CPU
		{4EB2BC68-FD11-49AC-BFDF-8DB6F9BFF070}.Debug|x86.Build.0 = Debug|Any CPU
		{4EB2BC68-FD11-49AC-BFDF-8DB6F9BFF070}.Release|Any CPU.ActiveCfg = Release|Any CPU
		{4EB2BC68-FD11-49AC-BFDF-8DB6F9BFF070}.Release|Any CPU.Build.0 = Release|Any CPU
		{4EB2BC68-FD11-49AC-BFDF-8DB6F9BFF070}.Release|x64.ActiveCfg = Release|Any CPU
		{4EB2BC68-FD11-49AC-BFDF-8DB6F9BFF070}.Release|x64.Build.0 = Release|Any CPU
		{4EB2BC68-FD11-49AC-BFDF-8DB6F9BFF070}.Release|x86.ActiveCfg = Release|Any CPU
		{4EB2BC68-FD11-49AC-BFDF-8DB6F9BFF070}.Release|x86.Build.0 = Release|Any CPU
		{88E969D1-1AF2-491C-9ABA-8E500769FEB0}.Debug|Any CPU.ActiveCfg = Debug|Any CPU
		{88E969D1-1AF2-491C-9ABA-8E500769FEB0}.Debug|Any CPU.Build.0 = Debug|Any CPU
		{88E969D1-1AF2-491C-9ABA-8E500769FEB0}.Debug|x64.ActiveCfg = Debug|Any CPU
		{88E969D1-1AF2-491C-9ABA-8E500769FEB0}.Debug|x64.Build.0 = Debug|Any CPU
		{88E969D1-1AF2-491C-9ABA-8E500769FEB0}.Debug|x86.ActiveCfg = Debug|Any CPU
		{88E969D1-1AF2-491C-9ABA-8E500769FEB0}.Debug|x86.Build.0 = Debug|Any CPU
		{88E969D1-1AF2-491C-9ABA-8E500769FEB0}.Release|Any CPU.ActiveCfg = Release|Any CPU
		{88E969D1-1AF2-491C-9ABA-8E500769FEB0}.Release|Any CPU.Build.0 = Release|Any CPU
		{88E969D1-1AF2-491C-9ABA-8E500769FEB0}.Release|x64.ActiveCfg = Release|Any CPU
		{88E969D1-1AF2-491C-9ABA-8E500769FEB0}.Release|x64.Build.0 = Release|Any CPU
		{88E969D1-1AF2-491C-9ABA-8E500769FEB0}.Release|x86.ActiveCfg = Release|Any CPU
		{88E969D1-1AF2-491C-9ABA-8E500769FEB0}.Release|x86.Build.0 = Release|Any CPU
		{8591E4E3-5504-4032-9B66-1D6742B0C696}.Debug|Any CPU.ActiveCfg = Debug|Any CPU
		{8591E4E3-5504-4032-9B66-1D6742B0C696}.Debug|Any CPU.Build.0 = Debug|Any CPU
		{8591E4E3-5504-4032-9B66-1D6742B0C696}.Debug|x64.ActiveCfg = Debug|Any CPU
		{8591E4E3-5504-4032-9B66-1D6742B0C696}.Debug|x64.Build.0 = Debug|Any CPU
		{8591E4E3-5504-4032-9B66-1D6742B0C696}.Debug|x86.ActiveCfg = Debug|Any CPU
		{8591E4E3-5504-4032-9B66-1D6742B0C696}.Debug|x86.Build.0 = Debug|Any CPU
		{8591E4E3-5504-4032-9B66-1D6742B0C696}.Release|Any CPU.ActiveCfg = Release|Any CPU
		{8591E4E3-5504-4032-9B66-1D6742B0C696}.Release|Any CPU.Build.0 = Release|Any CPU
		{8591E4E3-5504-4032-9B66-1D6742B0C696}.Release|x64.ActiveCfg = Release|Any CPU
		{8591E4E3-5504-4032-9B66-1D6742B0C696}.Release|x64.Build.0 = Release|Any CPU
		{8591E4E3-5504-4032-9B66-1D6742B0C696}.Release|x86.ActiveCfg = Release|Any CPU
		{8591E4E3-5504-4032-9B66-1D6742B0C696}.Release|x86.Build.0 = Release|Any CPU
		{6DA70EC7-871B-4A6C-B614-FB9882F9C784}.Debug|Any CPU.ActiveCfg = Debug|Any CPU
		{6DA70EC7-871B-4A6C-B614-FB9882F9C784}.Debug|Any CPU.Build.0 = Debug|Any CPU
		{6DA70EC7-871B-4A6C-B614-FB9882F9C784}.Debug|x64.ActiveCfg = Debug|Any CPU
		{6DA70EC7-871B-4A6C-B614-FB9882F9C784}.Debug|x64.Build.0 = Debug|Any CPU
		{6DA70EC7-871B-4A6C-B614-FB9882F9C784}.Debug|x86.ActiveCfg = Debug|Any CPU
		{6DA70EC7-871B-4A6C-B614-FB9882F9C784}.Debug|x86.Build.0 = Debug|Any CPU
		{6DA70EC7-871B-4A6C-B614-FB9882F9C784}.Release|Any CPU.ActiveCfg = Release|Any CPU
		{6DA70EC7-871B-4A6C-B614-FB9882F9C784}.Release|Any CPU.Build.0 = Release|Any CPU
		{6DA70EC7-871B-4A6C-B614-FB9882F9C784}.Release|x64.ActiveCfg = Release|Any CPU
		{6DA70EC7-871B-4A6C-B614-FB9882F9C784}.Release|x64.Build.0 = Release|Any CPU
		{6DA70EC7-871B-4A6C-B614-FB9882F9C784}.Release|x86.ActiveCfg = Release|Any CPU
		{6DA70EC7-871B-4A6C-B614-FB9882F9C784}.Release|x86.Build.0 = Release|Any CPU
		{D975D0FF-E093-4EB0-B966-F19F50B9BC4A}.Debug|Any CPU.ActiveCfg = Debug|Any CPU
		{D975D0FF-E093-4EB0-B966-F19F50B9BC4A}.Debug|Any CPU.Build.0 = Debug|Any CPU
		{D975D0FF-E093-4EB0-B966-F19F50B9BC4A}.Debug|x64.ActiveCfg = Debug|Any CPU
		{D975D0FF-E093-4EB0-B966-F19F50B9BC4A}.Debug|x64.Build.0 = Debug|Any CPU
		{D975D0FF-E093-4EB0-B966-F19F50B9BC4A}.Debug|x86.ActiveCfg = Debug|Any CPU
		{D975D0FF-E093-4EB0-B966-F19F50B9BC4A}.Debug|x86.Build.0 = Debug|Any CPU
		{D975D0FF-E093-4EB0-B966-F19F50B9BC4A}.Release|Any CPU.ActiveCfg = Release|Any CPU
		{D975D0FF-E093-4EB0-B966-F19F50B9BC4A}.Release|Any CPU.Build.0 = Release|Any CPU
		{D975D0FF-E093-4EB0-B966-F19F50B9BC4A}.Release|x64.ActiveCfg = Release|Any CPU
		{D975D0FF-E093-4EB0-B966-F19F50B9BC4A}.Release|x64.Build.0 = Release|Any CPU
		{D975D0FF-E093-4EB0-B966-F19F50B9BC4A}.Release|x86.ActiveCfg = Release|Any CPU
		{D975D0FF-E093-4EB0-B966-F19F50B9BC4A}.Release|x86.Build.0 = Release|Any CPU
		{44D4AF2E-185A-48B2-A86B-748D6AF0F411}.Debug|Any CPU.ActiveCfg = Debug|Any CPU
		{44D4AF2E-185A-48B2-A86B-748D6AF0F411}.Debug|Any CPU.Build.0 = Debug|Any CPU
		{44D4AF2E-185A-48B2-A86B-748D6AF0F411}.Debug|x64.ActiveCfg = Debug|Any CPU
		{44D4AF2E-185A-48B2-A86B-748D6AF0F411}.Debug|x64.Build.0 = Debug|Any CPU
		{44D4AF2E-185A-48B2-A86B-748D6AF0F411}.Debug|x86.ActiveCfg = Debug|Any CPU
		{44D4AF2E-185A-48B2-A86B-748D6AF0F411}.Debug|x86.Build.0 = Debug|Any CPU
		{44D4AF2E-185A-48B2-A86B-748D6AF0F411}.Release|Any CPU.ActiveCfg = Release|Any CPU
		{44D4AF2E-185A-48B2-A86B-748D6AF0F411}.Release|Any CPU.Build.0 = Release|Any CPU
		{44D4AF2E-185A-48B2-A86B-748D6AF0F411}.Release|x64.ActiveCfg = Release|Any CPU
		{44D4AF2E-185A-48B2-A86B-748D6AF0F411}.Release|x64.Build.0 = Release|Any CPU
		{44D4AF2E-185A-48B2-A86B-748D6AF0F411}.Release|x86.ActiveCfg = Release|Any CPU
		{44D4AF2E-185A-48B2-A86B-748D6AF0F411}.Release|x86.Build.0 = Release|Any CPU
	EndGlobalSection
	GlobalSection(SolutionProperties) = preSolution
		HideSolutionNode = FALSE
	EndGlobalSection
	GlobalSection(NestedProjects) = preSolution
		{D88383A3-FC08-429A-B0DA-7A15F3C30F09} = {569B6BEE-7BD8-492B-B636-17B4771A2A3A}
		{C60C7A2D-492A-4E23-9B31-0F8658ACD5B1} = {D88383A3-FC08-429A-B0DA-7A15F3C30F09}
		{6B5F5BE9-943C-4099-A4A7-F04F88F5EA1F} = {D88383A3-FC08-429A-B0DA-7A15F3C30F09}
		{DFCF5F4E-2227-460A-8603-8424FF78604E} = {D88383A3-FC08-429A-B0DA-7A15F3C30F09}
		{64EFBE6F-A56C-47BC-BABC-924EAC949C28} = {D88383A3-FC08-429A-B0DA-7A15F3C30F09}
		{E40FA9C5-425F-4F60-96D3-876AA4B5516E} = {A3917E5F-C7B0-485A-AF3C-5585D3627567}
		{5D46F00B-6440-4F96-884E-536564002313} = {A3917E5F-C7B0-485A-AF3C-5585D3627567}
		{862F1875-49D7-4CD3-8D10-33C01CB94852} = {A3917E5F-C7B0-485A-AF3C-5585D3627567}
		{3249CFEC-116F-419B-9805-A29048FF4D05} = {A3917E5F-C7B0-485A-AF3C-5585D3627567}
		{C025B1A2-9517-44A8-9FF2-2B32E2DE7787} = {A3917E5F-C7B0-485A-AF3C-5585D3627567}
		{A71EDA09-E54C-4AB9-AA6F-E484E9C4B08C} = {9240D36D-88A9-41F8-8C0A-E846825A468C}
		{7749C518-3040-4F55-AA66-C7DAD6E7D182} = {9240D36D-88A9-41F8-8C0A-E846825A468C}
		{C6558A57-1091-4859-AD74-E0777F1E29D6} = {9240D36D-88A9-41F8-8C0A-E846825A468C}
		{E6F64E87-E0FA-43C5-8417-FD2E2847F899} = {91F410FC-4AE8-438B-B90B-4F11E560AD57}
		{5044627E-BF60-465D-B50E-3B9D612EDF86} = {91F410FC-4AE8-438B-B90B-4F11E560AD57}
		{A3BF32A1-5D89-4AF9-9638-FDA70C34A715} = {91F410FC-4AE8-438B-B90B-4F11E560AD57}
		{52F4A07C-9AC1-4796-B83B-A1DCAC3FC03E} = {91F410FC-4AE8-438B-B90B-4F11E560AD57}
		{F2532E4B-2053-4F23-A939-1987898AE2E5} = {91F410FC-4AE8-438B-B90B-4F11E560AD57}
		{EDB1C64B-5A3C-49D4-BDC7-0037A0570EC4} = {91F410FC-4AE8-438B-B90B-4F11E560AD57}
		{25CC3E15-75DB-4639-9A22-AEB260CF60E3} = {91F410FC-4AE8-438B-B90B-4F11E560AD57}
		{DC3D7209-5358-FD6F-186F-3715B62CEED9} = {7F40454A-2229-EF77-1ED3-A3E056CDFF50}
		{4EB2BC68-FD11-49AC-BFDF-8DB6F9BFF070} = {DC3D7209-5358-FD6F-186F-3715B62CEED9}
		{88E969D1-1AF2-491C-9ABA-8E500769FEB0} = {DC3D7209-5358-FD6F-186F-3715B62CEED9}
		{8591E4E3-5504-4032-9B66-1D6742B0C696} = {DC3D7209-5358-FD6F-186F-3715B62CEED9}
		{6DA70EC7-871B-4A6C-B614-FB9882F9C784} = {DC3D7209-5358-FD6F-186F-3715B62CEED9}
		{D975D0FF-E093-4EB0-B966-F19F50B9BC4A} = {DC3D7209-5358-FD6F-186F-3715B62CEED9}
		{44D4AF2E-185A-48B2-A86B-748D6AF0F411} = {DC3D7209-5358-FD6F-186F-3715B62CEED9}
	EndGlobalSection
EndGlobal
